// !$*UTF8*$!
{
	archiveVersion = 1;
	classes = {
	};
	objectVersion = 56;
	objects = {

/* Begin PBXBuildFile section */
		9B3FBCDE28FE966900C7E7C1 /* TrafficLight_swiftuiApp.swift in Sources */ = {isa = PBXBuildFile; fileRef = 9B3FBCDD28FE966900C7E7C1 /* TrafficLight_swiftuiApp.swift */; };
		9B3FBCE028FE966900C7E7C1 /* ContentView.swift in Sources */ = {isa = PBXBuildFile; fileRef = 9B3FBCDF28FE966900C7E7C1 /* ContentView.swift */; };
		9B3FBCE228FE966C00C7E7C1 /* Assets.xcassets in Resources */ = {isa = PBXBuildFile; fileRef = 9B3FBCE128FE966C00C7E7C1 /* Assets.xcassets */; };
		9B3FBCE528FE966C00C7E7C1 /* Preview Assets.xcassets in Resources */ = {isa = PBXBuildFile; fileRef = 9B3FBCE428FE966C00C7E7C1 /* Preview Assets.xcassets */; };
		9B3FBCEC28FEE11A00C7E7C1 /* CircleView.swift in Sources */ = {isa = PBXBuildFile; fileRef = 9B3FBCEB28FEE11A00C7E7C1 /* CircleView.swift */; };
		9B3FBCEE28FF11F100C7E7C1 /* AnimatedBackground.swift in Sources */ = {isa = PBXBuildFile; fileRef = 9B3FBCED28FF11F100C7E7C1 /* AnimatedBackground.swift */; };
		9B9C06E7290067E400741A75 /* TrafficLightCicles.swift in Sources */ = {isa = PBXBuildFile; fileRef = 9B9C06E6290067E400741A75 /* TrafficLightCicles.swift */; };
/* End PBXBuildFile section */

/* Begin PBXFileReference section */
		9B3FBCDA28FE966900C7E7C1 /* TrafficLight_swiftui.app */ = {isa = PBXFileReference; explicitFileType = wrapper.application; includeInIndex = 0; path = TrafficLight_swiftui.app; sourceTree = BUILT_PRODUCTS_DIR; };
		9B3FBCDD28FE966900C7E7C1 /* TrafficLight_swiftuiApp.swift */ = {isa = PBXFileReference; lastKnownFileType = sourcecode.swift; path = TrafficLight_swiftuiApp.swift; sourceTree = "<group>"; };
		9B3FBCDF28FE966900C7E7C1 /* ContentView.swift */ = {isa = PBXFileReference; lastKnownFileType = sourcecode.swift; path = ContentView.swift; sourceTree = "<group>"; };
		9B3FBCE128FE966C00C7E7C1 /* Assets.xcassets */ = {isa = PBXFileReference; lastKnownFileType = folder.assetcatalog; path = Assets.xcassets; sourceTree = "<group>"; };
		9B3FBCE428FE966C00C7E7C1 /* Preview Assets.xcassets */ = {isa = PBXFileReference; lastKnownFileType = folder.assetcatalog; path = "Preview Assets.xcassets"; sourceTree = "<group>"; };
		9B3FBCEB28FEE11A00C7E7C1 /* CircleView.swift */ = {isa = PBXFileReference; lastKnownFileType = sourcecode.swift; path = CircleView.swift; sourceTree = "<group>"; };
		9B3FBCED28FF11F100C7E7C1 /* AnimatedBackground.swift */ = {isa = PBXFileReference; lastKnownFileType = sourcecode.swift; path = AnimatedBackground.swift; sourceTree = "<group>"; };
		9B9C06E6290067E400741A75 /* TrafficLightCicles.swift */ = {isa = PBXFileReference; lastKnownFileType = sourcecode.swift; path = TrafficLightCicles.swift; sourceTree = "<group>"; };
/* End PBXFileReference section */

/* Begin PBXFrameworksBuildPhase section */
		9B3FBCD728FE966900C7E7C1 /* Frameworks */ = {
			isa = PBXFrameworksBuildPhase;
			buildActionMask = 2147483647;
			files = (
			);
			runOnlyForDeploymentPostprocessing = 0;
		};
/* End PBXFrameworksBuildPhase section */

/* Begin PBXGroup section */
		9B3FBCD128FE966900C7E7C1 = {
			isa = PBXGroup;
			children = (
				9B3FBCDC28FE966900C7E7C1 /* TrafficLight_swiftui */,
				9B3FBCDB28FE966900C7E7C1 /* Products */,
			);
			sourceTree = "<group>";
		};
		9B3FBCDB28FE966900C7E7C1 /* Products */ = {
			isa = PBXGroup;
			children = (
				9B3FBCDA28FE966900C7E7C1 /* TrafficLight_swiftui.app */,
			);
			name = Products;
			sourceTree = "<group>";
		};
		9B3FBCDC28FE966900C7E7C1 /* TrafficLight_swiftui */ = {
			isa = PBXGroup;
			children = (
				9B3FBCDD28FE966900C7E7C1 /* TrafficLight_swiftuiApp.swift */,
				9B3FBCDF28FE966900C7E7C1 /* ContentView.swift */,
				9B3FBCEB28FEE11A00C7E7C1 /* CircleView.swift */,
				9B3FBCED28FF11F100C7E7C1 /* AnimatedBackground.swift */,
				9B9C06E6290067E400741A75 /* TrafficLightCicles.swift */,
				9B3FBCE128FE966C00C7E7C1 /* Assets.xcassets */,
				9B3FBCE328FE966C00C7E7C1 /* Preview Content */,
			);
			path = TrafficLight_swiftui;
			sourceTree = "<group>";
		};
		9B3FBCE328FE966C00C7E7C1 /* Preview Content */ = {
			isa = PBXGroup;
			children = (
				9B3FBCE428FE966C00C7E7C1 /* Preview Assets.xcassets */,
			);
			path = "Preview Content";
			sourceTree = "<group>";
		};
/* End PBXGroup section */

/* Begin PBXNativeTarget section */
		9B3FBCD928FE966900C7E7C1 /* TrafficLight_swiftui */ = {
			isa = PBXNativeTarget;
			buildConfigurationList = 9B3FBCE828FE966C00C7E7C1 /* Build configuration list for PBXNativeTarget "TrafficLight_swiftui" */;
			buildPhases = (
				9B3FBCD628FE966900C7E7C1 /* Sources */,
				9B3FBCD728FE966900C7E7C1 /* Frameworks */,
				9B3FBCD828FE966900C7E7C1 /* Resources */,
			);
			buildRules = (
			);
			dependencies = (
			);
			name = TrafficLight_swiftui;
			productName = TrafficLight_swiftui;
			productReference = 9B3FBCDA28FE966900C7E7C1 /* TrafficLight_swiftui.app */;
			productType = "com.apple.product-type.application";
		};
/* End PBXNativeTarget section */

/* Begin PBXProject section */
		9B3FBCD228FE966900C7E7C1 /* Project object */ = {
			isa = PBXProject;
			attributes = {
				BuildIndependentTargetsInParallel = 1;
				LastSwiftUpdateCheck = 1400;
				LastUpgradeCheck = 1400;
				TargetAttributes = {
					9B3FBCD928FE966900C7E7C1 = {
						CreatedOnToolsVersion = 14.0.1;
					};
				};
			};
			buildConfigurationList = 9B3FBCD528FE966900C7E7C1 /* Build configuration list for PBXProject "TrafficLight_swiftui" */;
			compatibilityVersion = "Xcode 14.0";
			developmentRegion = en;
			hasScannedForEncodings = 0;
			knownRegions = (
				en,
				Base,
			);
			mainGroup = 9B3FBCD128FE966900C7E7C1;
			productRefGroup = 9B3FBCDB28FE966900C7E7C1 /* Products */;
			projectDirPath = "";
			projectRoot = "";
			targets = (
				9B3FBCD928FE966900C7E7C1 /* TrafficLight_swiftui */,
			);
		};
/* End PBXProject section */

/* Begin PBXResourcesBuildPhase section */
		9B3FBCD828FE966900C7E7C1 /* Resources */ = {
			isa = PBXResourcesBuildPhase;
			buildActionMask = 2147483647;
			files = (
				9B3FBCE528FE966C00C7E7C1 /* Preview Assets.xcassets in Resources */,
				9B3FBCE228FE966C00C7E7C1 /* Assets.xcassets in Resources */,
			);
			runOnlyForDeploymentPostprocessing = 0;
		};
/* End PBXResourcesBuildPhase section */

/* Begin PBXSourcesBuildPhase section */
		9B3FBCD628FE966900C7E7C1 /* Sources */ = {
			isa = PBXSourcesBuildPhase;
			buildActionMask = 2147483647;
			files = (
				9B3FBCE028FE966900C7E7C1 /* ContentView.swift in Sources */,
				9B3FBCDE28FE966900C7E7C1 /* TrafficLight_swiftuiApp.swift in Sources */,
				9B9C06E7290067E400741A75 /* TrafficLightCicles.swift in Sources */,
				9B3FBCEE28FF11F100C7E7C1 /* AnimatedBackground.swift in Sources */,
				9B3FBCEC28FEE11A00C7E7C1 /* CircleView.swift in Sources */,
			);
			runOnlyForDeploymentPostprocessing = 0;
		};
/* End PBXSourcesBuildPhase section */

/* Begin XCBuildConfiguration section */
		9B3FBCE628FE966C00C7E7C1 /* Debug */ = {
			isa = XCBuildConfiguration;
			buildSettings = {
				ALWAYS_SEARCH_USER_PATHS = NO;
				CLANG_ANALYZER_NONNULL = YES;
				CLANG_ANALYZER_NUMBER_OBJECT_CONVERSION = YES_AGGRESSIVE;
				CLANG_CXX_LANGUAGE_STANDARD = "gnu++20";
				CLANG_ENABLE_MODULES = YES;
				CLANG_ENABLE_OBJC_ARC = YES;
				CLANG_ENABLE_OBJC_WEAK = YES;
				CLANG_WARN_BLOCK_CAPTURE_AUTORELEASING = YES;
				CLANG_WARN_BOOL_CONVERSION = YES;
				CLANG_WARN_COMMA = YES;
				CLANG_WARN_CONSTANT_CONVERSION = YES;
				CLANG_WARN_DEPRECATED_OBJC_IMPLEMENTATIONS = YES;
				CLANG_WARN_DIRECT_OBJC_ISA_USAGE = YES_ERROR;
				CLANG_WARN_DOCUMENTATION_COMMENTS = YES;
				CLANG_WARN_EMPTY_BODY = YES;
				CLANG_WARN_ENUM_CONVERSION = YES;
				CLANG_WARN_INFINITE_RECURSION = YES;
				CLANG_WARN_INT_CONVERSION = YES;
				CLANG_WARN_NON_LITERAL_NULL_CONVERSION = YES;
				CLANG_WARN_OBJC_IMPLICIT_RETAIN_SELF = YES;
				CLANG_WARN_OBJC_LITERAL_CONVERSION = YES;
				CLANG_WARN_OBJC_ROOT_CLASS = YES_ERROR;
				CLANG_WARN_QUOTED_INCLUDE_IN_FRAMEWORK_HEADER = YES;
				CLANG_WARN_RANGE_LOOP_ANALYSIS = YES;
				CLANG_WARN_STRICT_PROTOTYPES = YES;
				CLANG_WARN_SUSPICIOUS_MOVE = YES;
				CLANG_WARN_UNGUARDED_AVAILABILITY = YES_AGGRESSIVE;
				CLANG_WARN_UNREACHABLE_CODE = YES;
				CLANG_WARN__DUPLICATE_METHOD_MATCH = YES;
				COPY_PHASE_STRIP = NO;
				DEBUG_INFORMATION_FORMAT = dwarf;
				ENABLE_STRICT_OBJC_MSGSEND = YES;
				ENABLE_TESTABILITY = YES;
				GCC_C_LANGUAGE_STANDARD = gnu11;
				GCC_DYNAMIC_NO_PIC = NO;
				GCC_NO_COMMON_BLOCKS = YES;
				GCC_OPTIMIZATION_LEVEL = 0;
				GCC_PREPROCESSOR_DEFINITIONS = (
					"DEBUG=1",
					"$(inherited)",
				);
				GCC_WARN_64_TO_32_BIT_CONVERSION = YES;
				GCC_WARN_ABOUT_RETURN_TYPE = YES_ERROR;
				GCC_WARN_UNDECLARED_SELECTOR = YES;
				GCC_WARN_UNINITIALIZED_AUTOS = YES_AGGRESSIVE;
				GCC_WARN_UNUSED_FUNCTION = YES;
				GCC_WARN_UNUSED_VARIABLE = YES;
				IPHONEOS_DEPLOYMENT_TARGET = 16.0;
				MTL_ENABLE_DEBUG_INFO = INCLUDE_SOURCE;
				MTL_FAST_MATH = YES;
				ONLY_ACTIVE_ARCH = YES;
				SDKROOT = iphoneos;
				SWIFT_ACTIVE_COMPILATION_CONDITIONS = DEBUG;
				SWIFT_OPTIMIZATION_LEVEL = "-Onone";
			};
			name = Debug;
		};
		9B3FBCE728FE966C00C7E7C1 /* Release */ = {
			isa = XCBuildConfiguration;
			buildSettings = {
				ALWAYS_SEARCH_USER_PATHS = NO;
				CLANG_ANALYZER_NONNULL = YES;
				CLANG_ANALYZER_NUMBER_OBJECT_CONVERSION = YES_AGGRESSIVE;
				CLANG_CXX_LANGUAGE_STANDARD = "gnu++20";
				CLANG_ENABLE_MODULES = YES;
				CLANG_ENABLE_OBJC_ARC = YES;
				CLANG_ENABLE_OBJC_WEAK = YES;
				CLANG_WARN_BLOCK_CAPTURE_AUTORELEASING = YES;
				CLANG_WARN_BOOL_CONVERSION = YES;
				CLANG_WARN_COMMA = YES;
				CLANG_WARN_CONSTANT_CONVERSION = YES;
				CLANG_WARN_DEPRECATED_OBJC_IMPLEMENTATIONS = YES;
				CLANG_WARN_DIRECT_OBJC_ISA_USAGE = YES_ERROR;
				CLANG_WARN_DOCUMENTATION_COMMENTS = YES;
				CLANG_WARN_EMPTY_BODY = YES;
				CLANG_WARN_ENUM_CONVERSION = YES;
				CLANG_WARN_INFINITE_RECURSION = YES;
				CLANG_WARN_INT_CONVERSION = YES;
				CLANG_WARN_NON_LITERAL_NULL_CONVERSION = YES;
				CLANG_WARN_OBJC_IMPLICIT_RETAIN_SELF = YES;
				CLANG_WARN_OBJC_LITERAL_CONVERSION = YES;
				CLANG_WARN_OBJC_ROOT_CLASS = YES_ERROR;
				CLANG_WARN_QUOTED_INCLUDE_IN_FRAMEWORK_HEADER = YES;
				CLANG_WARN_RANGE_LOOP_ANALYSIS = YES;
				CLANG_WARN_STRICT_PROTOTYPES = YES;
				CLANG_WARN_SUSPICIOUS_MOVE = YES;
				CLANG_WARN_UNGUARDED_AVAILABILITY = YES_AGGRESSIVE;
				CLANG_WARN_UNREACHABLE_CODE = YES;
				CLANG_WARN__DUPLICATE_METHOD_MATCH = YES;
				COPY_PHASE_STRIP = NO;
				DEBUG_INFORMATION_FORMAT = "dwarf-with-dsym";
				ENABLE_NS_ASSERTIONS = NO;
				ENABLE_STRICT_OBJC_MSGSEND = YES;
				GCC_C_LANGUAGE_STANDARD = gnu11;
				GCC_NO_COMMON_BLOCKS = YES;
				GCC_WARN_64_TO_32_BIT_CONVERSION = YES;
				GCC_WARN_ABOUT_RETURN_TYPE = YES_ERROR;
				GCC_WARN_UNDECLARED_SELECTOR = YES;
				GCC_WARN_UNINITIALIZED_AUTOS = YES_AGGRESSIVE;
				GCC_WARN_UNUSED_FUNCTION = YES;
				GCC_WARN_UNUSED_VARIABLE = YES;
				IPHONEOS_DEPLOYMENT_TARGET = 16.0;
				MTL_ENABLE_DEBUG_INFO = NO;
				MTL_FAST_MATH = YES;
				SDKROOT = iphoneos;
				SWIFT_COMPILATION_MODE = wholemodule;
				SWIFT_OPTIMIZATION_LEVEL = "-O";
				VALIDATE_PRODUCT = YES;
			};
			name = Release;
		};
		9B3FBCE928FE966C00C7E7C1 /* Debug */ = {
			isa = XCBuildConfiguration;
			buildSettings = {
				ASSETCATALOG_COMPILER_APPICON_NAME = AppIcon;
				ASSETCATALOG_COMPILER_GLOBAL_ACCENT_COLOR_NAME = AccentColor;
				CODE_SIGN_STYLE = Automatic;
				CURRENT_PROJECT_VERSION = 1;
				DEVELOPMENT_ASSET_PATHS = "\"TrafficLight_swiftui/Preview Content\"";
				DEVELOPMENT_TEAM = 27CWMTU76N;
				ENABLE_PREVIEWS = YES;
				GENERATE_INFOPLIST_FILE = YES;
				INFOPLIST_KEY_UIApplicationSceneManifest_Generation = YES;
				INFOPLIST_KEY_UIApplicationSupportsIndirectInputEvents = YES;
				INFOPLIST_KEY_UILaunchScreen_Generation = YES;
				INFOPLIST_KEY_UISupportedInterfaceOrientations_iPad = "UIInterfaceOrientationPortrait UIInterfaceOrientationPortraitUpsideDown UIInterfaceOrientationLandscapeLeft UIInterfaceOrientationLandscapeRight";
				INFOPLIST_KEY_UISupportedInterfaceOrientations_iPhone = "UIInterfaceOrientationPortrait UIInterfaceOrientationLandscapeLeft UIInterfaceOrientationLandscapeRight";
				LD_RUNPATH_SEARCH_PATHS = (
					"$(inherited)",
					"@executable_path/Frameworks",
				);
				MARKETING_VERSION = 1.0;
				PRODUCT_BUNDLE_IDENTIFIER = "com.samirkafarov.TrafficLight-swiftui.TrafficLight-swiftui";
				PRODUCT_NAME = "$(TARGET_NAME)";
				SWIFT_EMIT_LOC_STRINGS = YES;
				SWIFT_VERSION = 5.0;
				TARGETED_DEVICE_FAMILY = "1,2";
			};
			name = Debug;
		};
		9B3FBCEA28FE966C00C7E7C1 /* Release */ = {
			isa = XCBuildConfiguration;
			buildSettings = {
				ASSETCATALOG_COMPILER_APPICON_NAME = AppIcon;
				ASSETCATALOG_COMPILER_GLOBAL_ACCENT_COLOR_NAME = AccentColor;
				CODE_SIGN_STYLE = Automatic;
				CURRENT_PROJECT_VERSION = 1;
				DEVELOPMENT_ASSET_PATHS = "\"TrafficLight_swiftui/Preview Content\"";
				DEVELOPMENT_TEAM = 27CWMTU76N;
				ENABLE_PREVIEWS = YES;
				GENERATE_INFOPLIST_FILE = YES;
				INFOPLIST_KEY_UIApplicationSceneManifest_Generation = YES;
				INFOPLIST_KEY_UIApplicationSupportsIndirectInputEvents = YES;
				INFOPLIST_KEY_UILaunchScreen_Generation = YES;
				INFOPLIST_KEY_UISupportedInterfaceOrientations_iPad = "UIInterfaceOrientationPortrait UIInterfaceOrientationPortraitUpsideDown UIInterfaceOrientationLandscapeLeft UIInterfaceOrientationLandscapeRight";
				INFOPLIST_KEY_UISupportedInterfaceOrientations_iPhone = "UIInterfaceOrientationPortrait UIInterfaceOrientationLandscapeLeft UIInterfaceOrientationLandscapeRight";
				LD_RUNPATH_SEARCH_PATHS = (
					"$(inherited)",
					"@executable_path/Frameworks",
				);
				MARKETING_VERSION = 1.0;
				PRODUCT_BUNDLE_IDENTIFIER = "com.samirkafarov.TrafficLight-swiftui.TrafficLight-swiftui";
				PRODUCT_NAME = "$(TARGET_NAME)";
				SWIFT_EMIT_LOC_STRINGS = YES;
				SWIFT_VERSION = 5.0;
				TARGETED_DEVICE_FAMILY = "1,2";
			};
			name = Release;
		};
/* End XCBuildConfiguration section */

/* Begin XCConfigurationList section */
		9B3FBCD528FE966900C7E7C1 /* Build configuration list for PBXProject "TrafficLight_swiftui" */ = {
			isa = XCConfigurationList;
			buildConfigurations = (
				9B3FBCE628FE966C00C7E7C1 /* Debug */,
				9B3FBCE728FE966C00C7E7C1 /* Release */,
			);
			defaultConfigurationIsVisible = 0;
			defaultConfigurationName = Release;
		};
		9B3FBCE828FE966C00C7E7C1 /* Build configuration list for PBXNativeTarget "TrafficLight_swiftui" */ = {
			isa = XCConfigurationList;
			buildConfigurations = (
				9B3FBCE928FE966C00C7E7C1 /* Debug */,
				9B3FBCEA28FE966C00C7E7C1 /* Release */,
			);
			defaultConfigurationIsVisible = 0;
			defaultConfigurationName = Release;
		};
/* End XCConfigurationList section */
	};
	rootObject = 9B3FBCD228FE966900C7E7C1 /* Project object */;
}
